// !$*UTF8*$!
{
	archiveVersion = 1;
	classes = {
	};
	objectVersion = 56;
	objects = {

/* Begin PBXBuildFile section */
		680210062ABC3C7A00562FCA /* AppDelegate.swift in Sources */ = {isa = PBXBuildFile; fileRef = 680210052ABC3C7A00562FCA /* AppDelegate.swift */; };
		680210082ABC3C7A00562FCA /* SceneDelegate.swift in Sources */ = {isa = PBXBuildFile; fileRef = 680210072ABC3C7A00562FCA /* SceneDelegate.swift */; };
		6802100A2ABC3C7A00562FCA /* ViewController.swift in Sources */ = {isa = PBXBuildFile; fileRef = 680210092ABC3C7A00562FCA /* ViewController.swift */; };
		6802100D2ABC3C7A00562FCA /* Main.storyboard in Resources */ = {isa = PBXBuildFile; fileRef = 6802100B2ABC3C7A00562FCA /* Main.storyboard */; };
		6802100F2ABC3C7A00562FCA /* Assets.xcassets in Resources */ = {isa = PBXBuildFile; fileRef = 6802100E2ABC3C7A00562FCA /* Assets.xcassets */; };
		680210122ABC3C7A00562FCA /* LaunchScreen.storyboard in Resources */ = {isa = PBXBuildFile; fileRef = 680210102ABC3C7A00562FCA /* LaunchScreen.storyboard */; };
		6802101D2ABC3C7A00562FCA /* NotificationTests.swift in Sources */ = {isa = PBXBuildFile; fileRef = 6802101C2ABC3C7A00562FCA /* NotificationTests.swift */; };
		680210272ABC3C7A00562FCA /* NotificationUITests.swift in Sources */ = {isa = PBXBuildFile; fileRef = 680210262ABC3C7A00562FCA /* NotificationUITests.swift */; };
		680210292ABC3C7A00562FCA /* NotificationUITestsLaunchTests.swift in Sources */ = {isa = PBXBuildFile; fileRef = 680210282ABC3C7A00562FCA /* NotificationUITestsLaunchTests.swift */; };
		680210362ABC3CC000562FCA /* SecondViewController.swift in Sources */ = {isa = PBXBuildFile; fileRef = 680210352ABC3CC000562FCA /* SecondViewController.swift */; };
		680210382ABC3CF500562FCA /* NotificationName.swift in Sources */ = {isa = PBXBuildFile; fileRef = 680210372ABC3CF500562FCA /* NotificationName.swift */; };
/* End PBXBuildFile section */

/* Begin PBXContainerItemProxy section */
		680210192ABC3C7A00562FCA /* PBXContainerItemProxy */ = {
			isa = PBXContainerItemProxy;
			containerPortal = 68020FFA2ABC3C7A00562FCA /* Project object */;
			proxyType = 1;
			remoteGlobalIDString = 680210012ABC3C7A00562FCA;
			remoteInfo = Notification;
		};
		680210232ABC3C7A00562FCA /* PBXContainerItemProxy */ = {
			isa = PBXContainerItemProxy;
			containerPortal = 68020FFA2ABC3C7A00562FCA /* Project object */;
			proxyType = 1;
			remoteGlobalIDString = 680210012ABC3C7A00562FCA;
			remoteInfo = Notification;
		};
/* End PBXContainerItemProxy section */

/* Begin PBXFileReference section */
		680210022ABC3C7A00562FCA /* Notification.app */ = {isa = PBXFileReference; explicitFileType = wrapper.application; includeInIndex = 0; path = Notification.app; sourceTree = BUILT_PRODUCTS_DIR; };
		680210052ABC3C7A00562FCA /* AppDelegate.swift */ = {isa = PBXFileReference; lastKnownFileType = sourcecode.swift; path = AppDelegate.swift; sourceTree = "<group>"; };
		680210072ABC3C7A00562FCA /* SceneDelegate.swift */ = {isa = PBXFileReference; lastKnownFileType = sourcecode.swift; path = SceneDelegate.swift; sourceTree = "<group>"; };
		680210092ABC3C7A00562FCA /* ViewController.swift */ = {isa = PBXFileReference; lastKnownFileType = sourcecode.swift; path = ViewController.swift; sourceTree = "<group>"; };
		6802100C2ABC3C7A00562FCA /* Base */ = {isa = PBXFileReference; lastKnownFileType = file.storyboard; name = Base; path = Base.lproj/Main.storyboard; sourceTree = "<group>"; };
		6802100E2ABC3C7A00562FCA /* Assets.xcassets */ = {isa = PBXFileReference; lastKnownFileType = folder.assetcatalog; path = Assets.xcassets; sourceTree = "<group>"; };
		680210112ABC3C7A00562FCA /* Base */ = {isa = PBXFileReference; lastKnownFileType = file.storyboard; name = Base; path = Base.lproj/LaunchScreen.storyboard; sourceTree = "<group>"; };
		680210132ABC3C7A00562FCA /* Info.plist */ = {isa = PBXFileReference; lastKnownFileType = text.plist.xml; path = Info.plist; sourceTree = "<group>"; };
		680210182ABC3C7A00562FCA /* NotificationTests.xctest */ = {isa = PBXFileReference; explicitFileType = wrapper.cfbundle; includeInIndex = 0; path = NotificationTests.xctest; sourceTree = BUILT_PRODUCTS_DIR; };
		6802101C2ABC3C7A00562FCA /* NotificationTests.swift */ = {isa = PBXFileReference; lastKnownFileType = sourcecode.swift; path = NotificationTests.swift; sourceTree = "<group>"; };
		680210222ABC3C7A00562FCA /* NotificationUITests.xctest */ = {isa = PBXFileReference; explicitFileType = wrapper.cfbundle; includeInIndex = 0; path = NotificationUITests.xctest; sourceTree = BUILT_PRODUCTS_DIR; };
		680210262ABC3C7A00562FCA /* NotificationUITests.swift */ = {isa = PBXFileReference; lastKnownFileType = sourcecode.swift; path = NotificationUITests.swift; sourceTree = "<group>"; };
		680210282ABC3C7A00562FCA /* NotificationUITestsLaunchTests.swift */ = {isa = PBXFileReference; lastKnownFileType = sourcecode.swift; path = NotificationUITestsLaunchTests.swift; sourceTree = "<group>"; };
		680210352ABC3CC000562FCA /* SecondViewController.swift */ = {isa = PBXFileReference; lastKnownFileType = sourcecode.swift; path = SecondViewController.swift; sourceTree = "<group>"; };
		680210372ABC3CF500562FCA /* NotificationName.swift */ = {isa = PBXFileReference; lastKnownFileType = sourcecode.swift; path = NotificationName.swift; sourceTree = "<group>"; };
/* End PBXFileReference section */

/* Begin PBXFrameworksBuildPhase section */
		68020FFF2ABC3C7A00562FCA /* Frameworks */ = {
			isa = PBXFrameworksBuildPhase;
			buildActionMask = 2147483647;
			files = (
			);
			runOnlyForDeploymentPostprocessing = 0;
		};
		680210152ABC3C7A00562FCA /* Frameworks */ = {
			isa = PBXFrameworksBuildPhase;
			buildActionMask = 2147483647;
			files = (
			);
			runOnlyForDeploymentPostprocessing = 0;
		};
		6802101F2ABC3C7A00562FCA /* Frameworks */ = {
			isa = PBXFrameworksBuildPhase;
			buildActionMask = 2147483647;
			files = (
			);
			runOnlyForDeploymentPostprocessing = 0;
		};
/* End PBXFrameworksBuildPhase section */

/* Begin PBXGroup section */
		68020FF92ABC3C7A00562FCA = {
			isa = PBXGroup;
			children = (
				680210042ABC3C7A00562FCA /* Notification */,
				6802101B2ABC3C7A00562FCA /* NotificationTests */,
				680210252ABC3C7A00562FCA /* NotificationUITests */,
				680210032ABC3C7A00562FCA /* Products */,
			);
			sourceTree = "<group>";
		};
		680210032ABC3C7A00562FCA /* Products */ = {
			isa = PBXGroup;
			children = (
				680210022ABC3C7A00562FCA /* Notification.app */,
				680210182ABC3C7A00562FCA /* NotificationTests.xctest */,
				680210222ABC3C7A00562FCA /* NotificationUITests.xctest */,
			);
			name = Products;
			sourceTree = "<group>";
		};
		680210042ABC3C7A00562FCA /* Notification */ = {
			isa = PBXGroup;
			children = (
				680210052ABC3C7A00562FCA /* AppDelegate.swift */,
				680210072ABC3C7A00562FCA /* SceneDelegate.swift */,
				680210092ABC3C7A00562FCA /* ViewController.swift */,
				680210352ABC3CC000562FCA /* SecondViewController.swift */,
				6802100B2ABC3C7A00562FCA /* Main.storyboard */,
				6802100E2ABC3C7A00562FCA /* Assets.xcassets */,
				680210102ABC3C7A00562FCA /* LaunchScreen.storyboard */,
				680210132ABC3C7A00562FCA /* Info.plist */,
				680210372ABC3CF500562FCA /* NotificationName.swift */,
			);
			path = Notification;
			sourceTree = "<group>";
		};
		6802101B2ABC3C7A00562FCA /* NotificationTests */ = {
			isa = PBXGroup;
			children = (
				6802101C2ABC3C7A00562FCA /* NotificationTests.swift */,
			);
			path = NotificationTests;
			sourceTree = "<group>";
		};
		680210252ABC3C7A00562FCA /* NotificationUITests */ = {
			isa = PBXGroup;
			children = (
				680210262ABC3C7A00562FCA /* NotificationUITests.swift */,
				680210282ABC3C7A00562FCA /* NotificationUITestsLaunchTests.swift */,
			);
			path = NotificationUITests;
			sourceTree = "<group>";
		};
/* End PBXGroup section */

/* Begin PBXNativeTarget section */
		680210012ABC3C7A00562FCA /* Notification */ = {
			isa = PBXNativeTarget;
			buildConfigurationList = 6802102C2ABC3C7A00562FCA /* Build configuration list for PBXNativeTarget "Notification" */;
			buildPhases = (
				68020FFE2ABC3C7A00562FCA /* Sources */,
				68020FFF2ABC3C7A00562FCA /* Frameworks */,
				680210002ABC3C7A00562FCA /* Resources */,
			);
			buildRules = (
			);
			dependencies = (
			);
			name = Notification;
			productName = Notification;
			productReference = 680210022ABC3C7A00562FCA /* Notification.app */;
			productType = "com.apple.product-type.application";
		};
		680210172ABC3C7A00562FCA /* NotificationTests */ = {
			isa = PBXNativeTarget;
			buildConfigurationList = 6802102F2ABC3C7A00562FCA /* Build configuration list for PBXNativeTarget "NotificationTests" */;
			buildPhases = (
				680210142ABC3C7A00562FCA /* Sources */,
				680210152ABC3C7A00562FCA /* Frameworks */,
				680210162ABC3C7A00562FCA /* Resources */,
			);
			buildRules = (
			);
			dependencies = (
				6802101A2ABC3C7A00562FCA /* PBXTargetDependency */,
			);
			name = NotificationTests;
			productName = NotificationTests;
			productReference = 680210182ABC3C7A00562FCA /* NotificationTests.xctest */;
			productType = "com.apple.product-type.bundle.unit-test";
		};
		680210212ABC3C7A00562FCA /* NotificationUITests */ = {
			isa = PBXNativeTarget;
			buildConfigurationList = 680210322ABC3C7A00562FCA /* Build configuration list for PBXNativeTarget "NotificationUITests" */;
			buildPhases = (
				6802101E2ABC3C7A00562FCA /* Sources */,
				6802101F2ABC3C7A00562FCA /* Frameworks */,
				680210202ABC3C7A00562FCA /* Resources */,
			);
			buildRules = (
			);
			dependencies = (
				680210242ABC3C7A00562FCA /* PBXTargetDependency */,
			);
			name = NotificationUITests;
			productName = NotificationUITests;
			productReference = 680210222ABC3C7A00562FCA /* NotificationUITests.xctest */;
			productType = "com.apple.product-type.bundle.ui-testing";
		};
/* End PBXNativeTarget section */

/* Begin PBXProject section */
		68020FFA2ABC3C7A00562FCA /* Project object */ = {
			isa = PBXProject;
			attributes = {
				BuildIndependentTargetsInParallel = 1;
				LastSwiftUpdateCheck = 1430;
				LastUpgradeCheck = 1430;
				TargetAttributes = {
					680210012ABC3C7A00562FCA = {
						CreatedOnToolsVersion = 14.3.1;
					};
					680210172ABC3C7A00562FCA = {
						CreatedOnToolsVersion = 14.3.1;
						TestTargetID = 680210012ABC3C7A00562FCA;
					};
					680210212ABC3C7A00562FCA = {
						CreatedOnToolsVersion = 14.3.1;
						TestTargetID = 680210012ABC3C7A00562FCA;
					};
				};
			};
			buildConfigurationList = 68020FFD2ABC3C7A00562FCA /* Build configuration list for PBXProject "Notification" */;
			compatibilityVersion = "Xcode 14.0";
			developmentRegion = en;
			hasScannedForEncodings = 0;
			knownRegions = (
				en,
				Base,
			);
			mainGroup = 68020FF92ABC3C7A00562FCA;
			productRefGroup = 680210032ABC3C7A00562FCA /* Products */;
			projectDirPath = "";
			projectRoot = "";
			targets = (
				680210012ABC3C7A00562FCA /* Notification */,
				680210172ABC3C7A00562FCA /* NotificationTests */,
				680210212ABC3C7A00562FCA /* NotificationUITests */,
			);
		};
/* End PBXProject section */

/* Begin PBXResourcesBuildPhase section */
		680210002ABC3C7A00562FCA /* Resources */ = {
			isa = PBXResourcesBuildPhase;
			buildActionMask = 2147483647;
			files = (
				680210122ABC3C7A00562FCA /* LaunchScreen.storyboard in Resources */,
				6802100F2ABC3C7A00562FCA /* Assets.xcassets in Resources */,
				6802100D2ABC3C7A00562FCA /* Main.storyboard in Resources */,
			);
			runOnlyForDeploymentPostprocessing = 0;
		};
		680210162ABC3C7A00562FCA /* Resources */ = {
			isa = PBXResourcesBuildPhase;
			buildActionMask = 2147483647;
			files = (
			);
			runOnlyForDeploymentPostprocessing = 0;
		};
		680210202ABC3C7A00562FCA /* Resources */ = {
			isa = PBXResourcesBuildPhase;
			buildActionMask = 2147483647;
			files = (
			);
			runOnlyForDeploymentPostprocessing = 0;
		};
/* End PBXResourcesBuildPhase section */

/* Begin PBXSourcesBuildPhase section */
		68020FFE2ABC3C7A00562FCA /* Sources */ = {
			isa = PBXSourcesBuildPhase;
			buildActionMask = 2147483647;
			files = (
				680210362ABC3CC000562FCA /* SecondViewController.swift in Sources */,
				6802100A2ABC3C7A00562FCA /* ViewController.swift in Sources */,
				680210062ABC3C7A00562FCA /* AppDelegate.swift in Sources */,
				680210382ABC3CF500562FCA /* NotificationName.swift in Sources */,
				680210082ABC3C7A00562FCA /* SceneDelegate.swift in Sources */,
			);
			runOnlyForDeploymentPostprocessing = 0;
		};
		680210142ABC3C7A00562FCA /* Sources */ = {
			isa = PBXSourcesBuildPhase;
			buildActionMask = 2147483647;
			files = (
				6802101D2ABC3C7A00562FCA /* NotificationTests.swift in Sources */,
			);
			runOnlyForDeploymentPostprocessing = 0;
		};
		6802101E2ABC3C7A00562FCA /* Sources */ = {
			isa = PBXSourcesBuildPhase;
			buildActionMask = 2147483647;
			files = (
				680210272ABC3C7A00562FCA /* NotificationUITests.swift in Sources */,
				680210292ABC3C7A00562FCA /* NotificationUITestsLaunchTests.swift in Sources */,
			);
			runOnlyForDeploymentPostprocessing = 0;
		};
/* End PBXSourcesBuildPhase section */

/* Begin PBXTargetDependency section */
		6802101A2ABC3C7A00562FCA /* PBXTargetDependency */ = {
			isa = PBXTargetDependency;
			target = 680210012ABC3C7A00562FCA /* Notification */;
			targetProxy = 680210192ABC3C7A00562FCA /* PBXContainerItemProxy */;
		};
		680210242ABC3C7A00562FCA /* PBXTargetDependency */ = {
			isa = PBXTargetDependency;
			target = 680210012ABC3C7A00562FCA /* Notification */;
			targetProxy = 680210232ABC3C7A00562FCA /* PBXContainerItemProxy */;
		};
/* End PBXTargetDependency section */

/* Begin PBXVariantGroup section */
		6802100B2ABC3C7A00562FCA /* Main.storyboard */ = {
			isa = PBXVariantGroup;
			children = (
				6802100C2ABC3C7A00562FCA /* Base */,
			);
			name = Main.storyboard;
			sourceTree = "<group>";
		};
		680210102ABC3C7A00562FCA /* LaunchScreen.storyboard */ = {
			isa = PBXVariantGroup;
			children = (
				680210112ABC3C7A00562FCA /* Base */,
			);
			name = LaunchScreen.storyboard;
			sourceTree = "<group>";
		};
/* End PBXVariantGroup section */

/* Begin XCBuildConfiguration section */
		6802102A2ABC3C7A00562FCA /* Debug */ = {
			isa = XCBuildConfiguration;
			buildSettings = {
				ALWAYS_SEARCH_USER_PATHS = NO;
				CLANG_ANALYZER_NONNULL = YES;
				CLANG_ANALYZER_NUMBER_OBJECT_CONVERSION = YES_AGGRESSIVE;
				CLANG_CXX_LANGUAGE_STANDARD = "gnu++20";
				CLANG_ENABLE_MODULES = YES;
				CLANG_ENABLE_OBJC_ARC = YES;
				CLANG_ENABLE_OBJC_WEAK = YES;
				CLANG_WARN_BLOCK_CAPTURE_AUTORELEASING = YES;
				CLANG_WARN_BOOL_CONVERSION = YES;
				CLANG_WARN_COMMA = YES;
				CLANG_WARN_CONSTANT_CONVERSION = YES;
				CLANG_WARN_DEPRECATED_OBJC_IMPLEMENTATIONS = YES;
				CLANG_WARN_DIRECT_OBJC_ISA_USAGE = YES_ERROR;
				CLANG_WARN_DOCUMENTATION_COMMENTS = YES;
				CLANG_WARN_EMPTY_BODY = YES;
				CLANG_WARN_ENUM_CONVERSION = YES;
				CLANG_WARN_INFINITE_RECURSION = YES;
				CLANG_WARN_INT_CONVERSION = YES;
				CLANG_WARN_NON_LITERAL_NULL_CONVERSION = YES;
				CLANG_WARN_OBJC_IMPLICIT_RETAIN_SELF = YES;
				CLANG_WARN_OBJC_LITERAL_CONVERSION = YES;
				CLANG_WARN_OBJC_ROOT_CLASS = YES_ERROR;
				CLANG_WARN_QUOTED_INCLUDE_IN_FRAMEWORK_HEADER = YES;
				CLANG_WARN_RANGE_LOOP_ANALYSIS = YES;
				CLANG_WARN_STRICT_PROTOTYPES = YES;
				CLANG_WARN_SUSPICIOUS_MOVE = YES;
				CLANG_WARN_UNGUARDED_AVAILABILITY = YES_AGGRESSIVE;
				CLANG_WARN_UNREACHABLE_CODE = YES;
				CLANG_WARN__DUPLICATE_METHOD_MATCH = YES;
				COPY_PHASE_STRIP = NO;
				DEBUG_INFORMATION_FORMAT = dwarf;
				ENABLE_STRICT_OBJC_MSGSEND = YES;
				ENABLE_TESTABILITY = YES;
				GCC_C_LANGUAGE_STANDARD = gnu11;
				GCC_DYNAMIC_NO_PIC = NO;
				GCC_NO_COMMON_BLOCKS = YES;
				GCC_OPTIMIZATION_LEVEL = 0;
				GCC_PREPROCESSOR_DEFINITIONS = (
					"DEBUG=1",
					"$(inherited)",
				);
				GCC_WARN_64_TO_32_BIT_CONVERSION = YES;
				GCC_WARN_ABOUT_RETURN_TYPE = YES_ERROR;
				GCC_WARN_UNDECLARED_SELECTOR = YES;
				GCC_WARN_UNINITIALIZED_AUTOS = YES_AGGRESSIVE;
				GCC_WARN_UNUSED_FUNCTION = YES;
				GCC_WARN_UNUSED_VARIABLE = YES;
				IPHONEOS_DEPLOYMENT_TARGET = 16.4;
				MTL_ENABLE_DEBUG_INFO = INCLUDE_SOURCE;
				MTL_FAST_MATH = YES;
				ONLY_ACTIVE_ARCH = YES;
				SDKROOT = iphoneos;
				SWIFT_ACTIVE_COMPILATION_CONDITIONS = DEBUG;
				SWIFT_OPTIMIZATION_LEVEL = "-Onone";
			};
			name = Debug;
		};
		6802102B2ABC3C7A00562FCA /* Release */ = {
			isa = XCBuildConfiguration;
			buildSettings = {
				ALWAYS_SEARCH_USER_PATHS = NO;
				CLANG_ANALYZER_NONNULL = YES;
				CLANG_ANALYZER_NUMBER_OBJECT_CONVERSION = YES_AGGRESSIVE;
				CLANG_CXX_LANGUAGE_STANDARD = "gnu++20";
				CLANG_ENABLE_MODULES = YES;
				CLANG_ENABLE_OBJC_ARC = YES;
				CLANG_ENABLE_OBJC_WEAK = YES;
				CLANG_WARN_BLOCK_CAPTURE_AUTORELEASING = YES;
				CLANG_WARN_BOOL_CONVERSION = YES;
				CLANG_WARN_COMMA = YES;
				CLANG_WARN_CONSTANT_CONVERSION = YES;
				CLANG_WARN_DEPRECATED_OBJC_IMPLEMENTATIONS = YES;
				CLANG_WARN_DIRECT_OBJC_ISA_USAGE = YES_ERROR;
				CLANG_WARN_DOCUMENTATION_COMMENTS = YES;
				CLANG_WARN_EMPTY_BODY = YES;
				CLANG_WARN_ENUM_CONVERSION = YES;
				CLANG_WARN_INFINITE_RECURSION = YES;
				CLANG_WARN_INT_CONVERSION = YES;
				CLANG_WARN_NON_LITERAL_NULL_CONVERSION = YES;
				CLANG_WARN_OBJC_IMPLICIT_RETAIN_SELF = YES;
				CLANG_WARN_OBJC_LITERAL_CONVERSION = YES;
				CLANG_WARN_OBJC_ROOT_CLASS = YES_ERROR;
				CLANG_WARN_QUOTED_INCLUDE_IN_FRAMEWORK_HEADER = YES;
				CLANG_WARN_RANGE_LOOP_ANALYSIS = YES;
				CLANG_WARN_STRICT_PROTOTYPES = YES;
				CLANG_WARN_SUSPICIOUS_MOVE = YES;
				CLANG_WARN_UNGUARDED_AVAILABILITY = YES_AGGRESSIVE;
				CLANG_WARN_UNREACHABLE_CODE = YES;
				CLANG_WARN__DUPLICATE_METHOD_MATCH = YES;
				COPY_PHASE_STRIP = NO;
				DEBUG_INFORMATION_FORMAT = "dwarf-with-dsym";
				ENABLE_NS_ASSERTIONS = NO;
				ENABLE_STRICT_OBJC_MSGSEND = YES;
				GCC_C_LANGUAGE_STANDARD = gnu11;
				GCC_NO_COMMON_BLOCKS = YES;
				GCC_WARN_64_TO_32_BIT_CONVERSION = YES;
				GCC_WARN_ABOUT_RETURN_TYPE = YES_ERROR;
				GCC_WARN_UNDECLARED_SELECTOR = YES;
				GCC_WARN_UNINITIALIZED_AUTOS = YES_AGGRESSIVE;
				GCC_WARN_UNUSED_FUNCTION = YES;
				GCC_WARN_UNUSED_VARIABLE = YES;
				IPHONEOS_DEPLOYMENT_TARGET = 16.4;
				MTL_ENABLE_DEBUG_INFO = NO;
				MTL_FAST_MATH = YES;
				SDKROOT = iphoneos;
				SWIFT_COMPILATION_MODE = wholemodule;
				SWIFT_OPTIMIZATION_LEVEL = "-O";
				VALIDATE_PRODUCT = YES;
			};
			name = Release;
		};
		6802102D2ABC3C7A00562FCA /* Debug */ = {
			isa = XCBuildConfiguration;
			buildSettings = {
				ASSETCATALOG_COMPILER_APPICON_NAME = AppIcon;
				ASSETCATALOG_COMPILER_GLOBAL_ACCENT_COLOR_NAME = AccentColor;
				CODE_SIGN_STYLE = Automatic;
				CURRENT_PROJECT_VERSION = 1;
				GENERATE_INFOPLIST_FILE = YES;
				INFOPLIST_FILE = Notification/Info.plist;
				INFOPLIST_KEY_UIApplicationSupportsIndirectInputEvents = YES;
				INFOPLIST_KEY_UILaunchStoryboardName = LaunchScreen;
				INFOPLIST_KEY_UIMainStoryboardFile = Main;
				INFOPLIST_KEY_UISupportedInterfaceOrientations_iPad = "UIInterfaceOrientationPortrait UIInterfaceOrientationPortraitUpsideDown UIInterfaceOrientationLandscapeLeft UIInterfaceOrientationLandscapeRight";
				INFOPLIST_KEY_UISupportedInterfaceOrientations_iPhone = "UIInterfaceOrientationPortrait UIInterfaceOrientationLandscapeLeft UIInterfaceOrientationLandscapeRight";
				LD_RUNPATH_SEARCH_PATHS = (
					"$(inherited)",
					"@executable_path/Frameworks",
				);
				MARKETING_VERSION = 1.0;
				PRODUCT_BUNDLE_IDENTIFIER = com.lecture.Notification;
				PRODUCT_NAME = "$(TARGET_NAME)";
				SWIFT_EMIT_LOC_STRINGS = YES;
				SWIFT_VERSION = 5.0;
				TARGETED_DEVICE_FAMILY = "1,2";
			};
			name = Debug;
		};
		6802102E2ABC3C7A00562FCA /* Release */ = {
			isa = XCBuildConfiguration;
			buildSettings = {
				ASSETCATALOG_COMPILER_APPICON_NAME = AppIcon;
				ASSETCATALOG_COMPILER_GLOBAL_ACCENT_COLOR_NAME = AccentColor;
				CODE_SIGN_STYLE = Automatic;
				CURRENT_PROJECT_VERSION = 1;
				GENERATE_INFOPLIST_FILE = YES;
				INFOPLIST_FILE = Notification/Info.plist;
				INFOPLIST_KEY_UIApplicationSupportsIndirectInputEvents = YES;
				INFOPLIST_KEY_UILaunchStoryboardName = LaunchScreen;
				INFOPLIST_KEY_UIMainStoryboardFile = Main;
				INFOPLIST_KEY_UISupportedInterfaceOrientations_iPad = "UIInterfaceOrientationPortrait UIInterfaceOrientationPortraitUpsideDown UIInterfaceOrientationLandscapeLeft UIInterfaceOrientationLandscapeRight";
				INFOPLIST_KEY_UISupportedInterfaceOrientations_iPhone = "UIInterfaceOrientationPortrait UIInterfaceOrientationLandscapeLeft UIInterfaceOrientationLandscapeRight";
				LD_RUNPATH_SEARCH_PATHS = (
					"$(inherited)",
					"@executable_path/Frameworks",
				);
				MARKETING_VERSION = 1.0;
				PRODUCT_BUNDLE_IDENTIFIER = com.lecture.Notification;
				PRODUCT_NAME = "$(TARGET_NAME)";
				SWIFT_EMIT_LOC_STRINGS = YES;
				SWIFT_VERSION = 5.0;
				TARGETED_DEVICE_FAMILY = "1,2";
			};
			name = Release;
		};
		680210302ABC3C7A00562FCA /* Debug */ = {
			isa = XCBuildConfiguration;
			buildSettings = {
				ALWAYS_EMBED_SWIFT_STANDARD_LIBRARIES = YES;
				BUNDLE_LOADER = "$(TEST_HOST)";
				CODE_SIGN_STYLE = Automatic;
				CURRENT_PROJECT_VERSION = 1;
				GENERATE_INFOPLIST_FILE = YES;
				IPHONEOS_DEPLOYMENT_TARGET = 16.4;
				MARKETING_VERSION = 1.0;
				PRODUCT_BUNDLE_IDENTIFIER = com.lecture.NotificationTests;
				PRODUCT_NAME = "$(TARGET_NAME)";
				SWIFT_EMIT_LOC_STRINGS = NO;
				SWIFT_VERSION = 5.0;
				TARGETED_DEVICE_FAMILY = "1,2";
				TEST_HOST = "$(BUILT_PRODUCTS_DIR)/Notification.app/$(BUNDLE_EXECUTABLE_FOLDER_PATH)/Notification";
			};
			name = Debug;
		};
		680210312ABC3C7A00562FCA /* Release */ = {
			isa = XCBuildConfiguration;
			buildSettings = {
				ALWAYS_EMBED_SWIFT_STANDARD_LIBRARIES = YES;
				BUNDLE_LOADER = "$(TEST_HOST)";
				CODE_SIGN_STYLE = Automatic;
				CURRENT_PROJECT_VERSION = 1;
				GENERATE_INFOPLIST_FILE = YES;
				IPHONEOS_DEPLOYMENT_TARGET = 16.4;
				MARKETING_VERSION = 1.0;
				PRODUCT_BUNDLE_IDENTIFIER = com.lecture.NotificationTests;
				PRODUCT_NAME = "$(TARGET_NAME)";
				SWIFT_EMIT_LOC_STRINGS = NO;
				SWIFT_VERSION = 5.0;
				TARGETED_DEVICE_FAMILY = "1,2";
				TEST_HOST = "$(BUILT_PRODUCTS_DIR)/Notification.app/$(BUNDLE_EXECUTABLE_FOLDER_PATH)/Notification";
			};
			name = Release;
		};
		680210332ABC3C7A00562FCA /* Debug */ = {
			isa = XCBuildConfiguration;
			buildSettings = {
				ALWAYS_EMBED_SWIFT_STANDARD_LIBRARIES = YES;
				CODE_SIGN_STYLE = Automatic;
				CURRENT_PROJECT_VERSION = 1;
				GENERATE_INFOPLIST_FILE = YES;
				MARKETING_VERSION = 1.0;
				PRODUCT_BUNDLE_IDENTIFIER = com.lecture.NotificationUITests;
				PRODUCT_NAME = "$(TARGET_NAME)";
				SWIFT_EMIT_LOC_STRINGS = NO;
				SWIFT_VERSION = 5.0;
				TARGETED_DEVICE_FAMILY = "1,2";
				TEST_TARGET_NAME = Notification;
			};
			name = Debug;
		};
		680210342ABC3C7A00562FCA /* Release */ = {
			isa = XCBuildConfiguration;
			buildSettings = {
				ALWAYS_EMBED_SWIFT_STANDARD_LIBRARIES = YES;
				CODE_SIGN_STYLE = Automatic;
				CURRENT_PROJECT_VERSION = 1;
				GENERATE_INFOPLIST_FILE = YES;
				MARKETING_VERSION = 1.0;
				PRODUCT_BUNDLE_IDENTIFIER = com.lecture.NotificationUITests;
				PRODUCT_NAME = "$(TARGET_NAME)";
				SWIFT_EMIT_LOC_STRINGS = NO;
				SWIFT_VERSION = 5.0;
				TARGETED_DEVICE_FAMILY = "1,2";
				TEST_TARGET_NAME = Notification;
			};
			name = Release;
		};
/* End XCBuildConfiguration section */

/* Begin XCConfigurationList section */
		68020FFD2ABC3C7A00562FCA /* Build configuration list for PBXProject "Notification" */ = {
			isa = XCConfigurationList;
			buildConfigurations = (
				6802102A2ABC3C7A00562FCA /* Debug */,
				6802102B2ABC3C7A00562FCA /* Release */,
			);
			defaultConfigurationIsVisible = 0;
			defaultConfigurationName = Release;
		};
		6802102C2ABC3C7A00562FCA /* Build configuration list for PBXNativeTarget "Notification" */ = {
			isa = XCConfigurationList;
			buildConfigurations = (
				6802102D2ABC3C7A00562FCA /* Debug */,
				6802102E2ABC3C7A00562FCA /* Release */,
			);
			defaultConfigurationIsVisible = 0;
			defaultConfigurationName = Release;
		};
		6802102F2ABC3C7A00562FCA /* Build configuration list for PBXNativeTarget "NotificationTests" */ = {
			isa = XCConfigurationList;
			buildConfigurations = (
				680210302ABC3C7A00562FCA /* Debug */,
				680210312ABC3C7A00562FCA /* Release */,
			);
			defaultConfigurationIsVisible = 0;
			defaultConfigurationName = Release;
		};
		680210322ABC3C7A00562FCA /* Build configuration list for PBXNativeTarget "NotificationUITests" */ = {
			isa = XCConfigurationList;
			buildConfigurations = (
				680210332ABC3C7A00562FCA /* Debug */,
				680210342ABC3C7A00562FCA /* Release */,
			);
			defaultConfigurationIsVisible = 0;
			defaultConfigurationName = Release;
		};
/* End XCConfigurationList section */
	};
	rootObject = 68020FFA2ABC3C7A00562FCA /* Project object */;
}
